// !$*UTF8*$!
{
	archiveVersion = 1;
	classes = {
	};
	objectVersion = 46;
	objects = {

/* Begin PBXBuildFile section */
		2A070BC2655AA572ACB4FF59 /* libPods.a in Frameworks */ = {isa = PBXBuildFile; fileRef = 12F331AEBA47DD2B35A59323 /* libPods.a */; };
		EAC9F5361B3B406700ED558E /* main.m in Sources */ = {isa = PBXBuildFile; fileRef = EAC9F5351B3B406700ED558E /* main.m */; };
		EAC9F5391B3B406700ED558E /* AppDelegate.m in Sources */ = {isa = PBXBuildFile; fileRef = EAC9F5381B3B406700ED558E /* AppDelegate.m */; };
		EAC9F53C1B3B406700ED558E /* MyFriends.xcdatamodeld in Sources */ = {isa = PBXBuildFile; fileRef = EAC9F53A1B3B406700ED558E /* MyFriends.xcdatamodeld */; };
		EAC9F5421B3B406700ED558E /* Main.storyboard in Resources */ = {isa = PBXBuildFile; fileRef = EAC9F5401B3B406700ED558E /* Main.storyboard */; };
		EAC9F5441B3B406700ED558E /* Images.xcassets in Resources */ = {isa = PBXBuildFile; fileRef = EAC9F5431B3B406700ED558E /* Images.xcassets */; };
		EAC9F5471B3B406700ED558E /* LaunchScreen.xib in Resources */ = {isa = PBXBuildFile; fileRef = EAC9F5451B3B406700ED558E /* LaunchScreen.xib */; };
		EAC9F5531B3B406800ED558E /* MyFriendsTests.m in Sources */ = {isa = PBXBuildFile; fileRef = EAC9F5521B3B406800ED558E /* MyFriendsTests.m */; };
		EAC9F55F1B3B434A00ED558E /* MFRFriendsListTableViewController.m in Sources */ = {isa = PBXBuildFile; fileRef = EAC9F55E1B3B434A00ED558E /* MFRFriendsListTableViewController.m */; };
		EAC9F5631B3B5F0A00ED558E /* Friend.m in Sources */ = {isa = PBXBuildFile; fileRef = EAC9F5621B3B5F0A00ED558E /* Friend.m */; };
		EAC9F5671B3B617700ED558E /* MFRRandomuserAPI.m in Sources */ = {isa = PBXBuildFile; fileRef = EAC9F5661B3B617700ED558E /* MFRRandomuserAPI.m */; };
		EAC9F56A1B3C990500ED558E /* MFRPersonsTableViewController.m in Sources */ = {isa = PBXBuildFile; fileRef = EAC9F5691B3C990500ED558E /* MFRPersonsTableViewController.m */; };
		EAC9F56D1B3CBD8F00ED558E /* MFRFriendDetailViewController.m in Sources */ = {isa = PBXBuildFile; fileRef = EAC9F56C1B3CBD8F00ED558E /* MFRFriendDetailViewController.m */; };
/* End PBXBuildFile section */

/* Begin PBXContainerItemProxy section */
		EAC9F54D1B3B406800ED558E /* PBXContainerItemProxy */ = {
			isa = PBXContainerItemProxy;
			containerPortal = EAC9F5281B3B406700ED558E /* Project object */;
			proxyType = 1;
			remoteGlobalIDString = EAC9F52F1B3B406700ED558E;
			remoteInfo = MyFriends;
		};
/* End PBXContainerItemProxy section */

/* Begin PBXFileReference section */
		12F331AEBA47DD2B35A59323 /* libPods.a */ = {isa = PBXFileReference; explicitFileType = archive.ar; includeInIndex = 0; path = libPods.a; sourceTree = BUILT_PRODUCTS_DIR; };
		96504FAED658F9EA8F10E749 /* Pods.debug.xcconfig */ = {isa = PBXFileReference; includeInIndex = 1; lastKnownFileType = text.xcconfig; name = Pods.debug.xcconfig; path = "Pods/Target Support Files/Pods/Pods.debug.xcconfig"; sourceTree = "<group>"; };
		B0291FB7BB4164BB9F254BBB /* Pods.release.xcconfig */ = {isa = PBXFileReference; includeInIndex = 1; lastKnownFileType = text.xcconfig; name = Pods.release.xcconfig; path = "Pods/Target Support Files/Pods/Pods.release.xcconfig"; sourceTree = "<group>"; };
		EAC9F5301B3B406700ED558E /* MyFriends.app */ = {isa = PBXFileReference; explicitFileType = wrapper.application; includeInIndex = 0; path = MyFriends.app; sourceTree = BUILT_PRODUCTS_DIR; };
		EAC9F5341B3B406700ED558E /* Info.plist */ = {isa = PBXFileReference; lastKnownFileType = text.plist.xml; path = Info.plist; sourceTree = "<group>"; };
		EAC9F5351B3B406700ED558E /* main.m */ = {isa = PBXFileReference; lastKnownFileType = sourcecode.c.objc; path = main.m; sourceTree = "<group>"; };
		EAC9F5371B3B406700ED558E /* AppDelegate.h */ = {isa = PBXFileReference; lastKnownFileType = sourcecode.c.h; path = AppDelegate.h; sourceTree = "<group>"; };
		EAC9F5381B3B406700ED558E /* AppDelegate.m */ = {isa = PBXFileReference; lastKnownFileType = sourcecode.c.objc; path = AppDelegate.m; sourceTree = "<group>"; };
		EAC9F53B1B3B406700ED558E /* MyFriends.xcdatamodel */ = {isa = PBXFileReference; lastKnownFileType = wrapper.xcdatamodel; path = MyFriends.xcdatamodel; sourceTree = "<group>"; };
		EAC9F5411B3B406700ED558E /* Base */ = {isa = PBXFileReference; lastKnownFileType = file.storyboard; name = Base; path = Base.lproj/Main.storyboard; sourceTree = "<group>"; };
		EAC9F5431B3B406700ED558E /* Images.xcassets */ = {isa = PBXFileReference; lastKnownFileType = folder.assetcatalog; path = Images.xcassets; sourceTree = "<group>"; };
		EAC9F5461B3B406700ED558E /* Base */ = {isa = PBXFileReference; lastKnownFileType = file.xib; name = Base; path = Base.lproj/LaunchScreen.xib; sourceTree = "<group>"; };
		EAC9F54C1B3B406800ED558E /* MyFriendsTests.xctest */ = {isa = PBXFileReference; explicitFileType = wrapper.cfbundle; includeInIndex = 0; path = MyFriendsTests.xctest; sourceTree = BUILT_PRODUCTS_DIR; };
		EAC9F5511B3B406800ED558E /* Info.plist */ = {isa = PBXFileReference; lastKnownFileType = text.plist.xml; path = Info.plist; sourceTree = "<group>"; };
		EAC9F5521B3B406800ED558E /* MyFriendsTests.m */ = {isa = PBXFileReference; lastKnownFileType = sourcecode.c.objc; path = MyFriendsTests.m; sourceTree = "<group>"; };
		EAC9F55D1B3B434A00ED558E /* MFRFriendsListTableViewController.h */ = {isa = PBXFileReference; fileEncoding = 4; lastKnownFileType = sourcecode.c.h; path = MFRFriendsListTableViewController.h; sourceTree = "<group>"; };
		EAC9F55E1B3B434A00ED558E /* MFRFriendsListTableViewController.m */ = {isa = PBXFileReference; fileEncoding = 4; lastKnownFileType = sourcecode.c.objc; path = MFRFriendsListTableViewController.m; sourceTree = "<group>"; };
		EAC9F5611B3B5F0A00ED558E /* Friend.h */ = {isa = PBXFileReference; fileEncoding = 4; lastKnownFileType = sourcecode.c.h; path = Friend.h; sourceTree = "<group>"; };
		EAC9F5621B3B5F0A00ED558E /* Friend.m */ = {isa = PBXFileReference; fileEncoding = 4; lastKnownFileType = sourcecode.c.objc; path = Friend.m; sourceTree = "<group>"; };
		EAC9F5651B3B617700ED558E /* MFRRandomuserAPI.h */ = {isa = PBXFileReference; fileEncoding = 4; lastKnownFileType = sourcecode.c.h; path = MFRRandomuserAPI.h; sourceTree = "<group>"; };
		EAC9F5661B3B617700ED558E /* MFRRandomuserAPI.m */ = {isa = PBXFileReference; fileEncoding = 4; lastKnownFileType = sourcecode.c.objc; path = MFRRandomuserAPI.m; sourceTree = "<group>"; };
		EAC9F5681B3C990500ED558E /* MFRPersonsTableViewController.h */ = {isa = PBXFileReference; fileEncoding = 4; lastKnownFileType = sourcecode.c.h; path = MFRPersonsTableViewController.h; sourceTree = "<group>"; };
		EAC9F5691B3C990500ED558E /* MFRPersonsTableViewController.m */ = {isa = PBXFileReference; fileEncoding = 4; lastKnownFileType = sourcecode.c.objc; path = MFRPersonsTableViewController.m; sourceTree = "<group>"; };
		EAC9F56B1B3CBD8F00ED558E /* MFRFriendDetailViewController.h */ = {isa = PBXFileReference; fileEncoding = 4; lastKnownFileType = sourcecode.c.h; path = MFRFriendDetailViewController.h; sourceTree = "<group>"; };
		EAC9F56C1B3CBD8F00ED558E /* MFRFriendDetailViewController.m */ = {isa = PBXFileReference; fileEncoding = 4; lastKnownFileType = sourcecode.c.objc; path = MFRFriendDetailViewController.m; sourceTree = "<group>"; };
/* End PBXFileReference section */

/* Begin PBXFrameworksBuildPhase section */
		EAC9F52D1B3B406700ED558E /* Frameworks */ = {
			isa = PBXFrameworksBuildPhase;
			buildActionMask = 2147483647;
			files = (
				2A070BC2655AA572ACB4FF59 /* libPods.a in Frameworks */,
			);
			runOnlyForDeploymentPostprocessing = 0;
		};
		EAC9F5491B3B406800ED558E /* Frameworks */ = {
			isa = PBXFrameworksBuildPhase;
			buildActionMask = 2147483647;
			files = (
			);
			runOnlyForDeploymentPostprocessing = 0;
		};
/* End PBXFrameworksBuildPhase section */

/* Begin PBXGroup section */
		3E2D0EECFBC45D7DFC03CDB4 /* Pods */ = {
			isa = PBXGroup;
			children = (
				96504FAED658F9EA8F10E749 /* Pods.debug.xcconfig */,
				B0291FB7BB4164BB9F254BBB /* Pods.release.xcconfig */,
			);
			name = Pods;
			sourceTree = "<group>";
		};
		5655B3BD1E11809752446C25 /* Frameworks */ = {
			isa = PBXGroup;
			children = (
				12F331AEBA47DD2B35A59323 /* libPods.a */,
			);
			name = Frameworks;
			sourceTree = "<group>";
		};
		EAC9F5271B3B406700ED558E = {
			isa = PBXGroup;
			children = (
				EAC9F5321B3B406700ED558E /* MyFriends */,
				EAC9F54F1B3B406800ED558E /* MyFriendsTests */,
				EAC9F5311B3B406700ED558E /* Products */,
				3E2D0EECFBC45D7DFC03CDB4 /* Pods */,
				5655B3BD1E11809752446C25 /* Frameworks */,
			);
			sourceTree = "<group>";
		};
		EAC9F5311B3B406700ED558E /* Products */ = {
			isa = PBXGroup;
			children = (
				EAC9F5301B3B406700ED558E /* MyFriends.app */,
				EAC9F54C1B3B406800ED558E /* MyFriendsTests.xctest */,
			);
			name = Products;
			sourceTree = "<group>";
		};
		EAC9F5321B3B406700ED558E /* MyFriends */ = {
			isa = PBXGroup;
			children = (
				EAC9F5641B3B612F00ED558E /* API */,
				EAC9F5601B3B5F0A00ED558E /* Model */,
				EAC9F55C1B3B434A00ED558E /* ViewControllers */,
				EAC9F5401B3B406700ED558E /* Main.storyboard */,
				EAC9F5331B3B406700ED558E /* Supporting Files */,
			);
			path = MyFriends;
			sourceTree = "<group>";
		};
		EAC9F5331B3B406700ED558E /* Supporting Files */ = {
			isa = PBXGroup;
			children = (
				EAC9F5431B3B406700ED558E /* Images.xcassets */,
				EAC9F5451B3B406700ED558E /* LaunchScreen.xib */,
				EAC9F53A1B3B406700ED558E /* MyFriends.xcdatamodeld */,
				EAC9F5371B3B406700ED558E /* AppDelegate.h */,
				EAC9F5381B3B406700ED558E /* AppDelegate.m */,
				EAC9F5341B3B406700ED558E /* Info.plist */,
				EAC9F5351B3B406700ED558E /* main.m */,
			);
			name = "Supporting Files";
			sourceTree = "<group>";
		};
		EAC9F54F1B3B406800ED558E /* MyFriendsTests */ = {
			isa = PBXGroup;
			children = (
				EAC9F5521B3B406800ED558E /* MyFriendsTests.m */,
				EAC9F5501B3B406800ED558E /* Supporting Files */,
			);
			path = MyFriendsTests;
			sourceTree = "<group>";
		};
		EAC9F5501B3B406800ED558E /* Supporting Files */ = {
			isa = PBXGroup;
			children = (
				EAC9F5511B3B406800ED558E /* Info.plist */,
			);
			name = "Supporting Files";
			sourceTree = "<group>";
		};
		EAC9F55C1B3B434A00ED558E /* ViewControllers */ = {
			isa = PBXGroup;
			children = (
				EAC9F55D1B3B434A00ED558E /* MFRFriendsListTableViewController.h */,
				EAC9F55E1B3B434A00ED558E /* MFRFriendsListTableViewController.m */,
				EAC9F5681B3C990500ED558E /* MFRPersonsTableViewController.h */,
				EAC9F5691B3C990500ED558E /* MFRPersonsTableViewController.m */,
				EAC9F56B1B3CBD8F00ED558E /* MFRFriendDetailViewController.h */,
				EAC9F56C1B3CBD8F00ED558E /* MFRFriendDetailViewController.m */,
			);
			path = ViewControllers;
			sourceTree = "<group>";
		};
		EAC9F5601B3B5F0A00ED558E /* Model */ = {
			isa = PBXGroup;
			children = (
				EAC9F5611B3B5F0A00ED558E /* Friend.h */,
				EAC9F5621B3B5F0A00ED558E /* Friend.m */,
			);
			path = Model;
			sourceTree = "<group>";
		};
		EAC9F5641B3B612F00ED558E /* API */ = {
			isa = PBXGroup;
			children = (
				EAC9F5651B3B617700ED558E /* MFRRandomuserAPI.h */,
				EAC9F5661B3B617700ED558E /* MFRRandomuserAPI.m */,
			);
			path = API;
			sourceTree = "<group>";
		};
/* End PBXGroup section */

/* Begin PBXNativeTarget section */
		EAC9F52F1B3B406700ED558E /* MyFriends */ = {
			isa = PBXNativeTarget;
			buildConfigurationList = EAC9F5561B3B406800ED558E /* Build configuration list for PBXNativeTarget "MyFriends" */;
			buildPhases = (
				3261376A0B0E859746CC6C5F /* Check Pods Manifest.lock */,
				EAC9F52C1B3B406700ED558E /* Sources */,
				EAC9F52D1B3B406700ED558E /* Frameworks */,
				EAC9F52E1B3B406700ED558E /* Resources */,
				00F56D96FEF66A9A03493419 /* Copy Pods Resources */,
			);
			buildRules = (
			);
			dependencies = (
			);
			name = MyFriends;
			productName = MyFriends;
			productReference = EAC9F5301B3B406700ED558E /* MyFriends.app */;
			productType = "com.apple.product-type.application";
		};
		EAC9F54B1B3B406800ED558E /* MyFriendsTests */ = {
			isa = PBXNativeTarget;
			buildConfigurationList = EAC9F5591B3B406800ED558E /* Build configuration list for PBXNativeTarget "MyFriendsTests" */;
			buildPhases = (
				EAC9F5481B3B406800ED558E /* Sources */,
				EAC9F5491B3B406800ED558E /* Frameworks */,
				EAC9F54A1B3B406800ED558E /* Resources */,
			);
			buildRules = (
			);
			dependencies = (
				EAC9F54E1B3B406800ED558E /* PBXTargetDependency */,
			);
			name = MyFriendsTests;
			productName = MyFriendsTests;
			productReference = EAC9F54C1B3B406800ED558E /* MyFriendsTests.xctest */;
			productType = "com.apple.product-type.bundle.unit-test";
		};
/* End PBXNativeTarget section */

/* Begin PBXProject section */
		EAC9F5281B3B406700ED558E /* Project object */ = {
			isa = PBXProject;
			attributes = {
				LastUpgradeCheck = 0630;
				ORGANIZATIONNAME = "Sapa Denys";
				TargetAttributes = {
					EAC9F52F1B3B406700ED558E = {
						CreatedOnToolsVersion = 6.3.2;
					};
					EAC9F54B1B3B406800ED558E = {
						CreatedOnToolsVersion = 6.3.2;
						TestTargetID = EAC9F52F1B3B406700ED558E;
					};
				};
			};
			buildConfigurationList = EAC9F52B1B3B406700ED558E /* Build configuration list for PBXProject "MyFriends" */;
			compatibilityVersion = "Xcode 3.2";
			developmentRegion = English;
			hasScannedForEncodings = 0;
			knownRegions = (
				en,
				Base,
			);
			mainGroup = EAC9F5271B3B406700ED558E;
			productRefGroup = EAC9F5311B3B406700ED558E /* Products */;
			projectDirPath = "";
			projectRoot = "";
			targets = (
				EAC9F52F1B3B406700ED558E /* MyFriends */,
				EAC9F54B1B3B406800ED558E /* MyFriendsTests */,
			);
		};
/* End PBXProject section */

/* Begin PBXResourcesBuildPhase section */
		EAC9F52E1B3B406700ED558E /* Resources */ = {
			isa = PBXResourcesBuildPhase;
			buildActionMask = 2147483647;
			files = (
				EAC9F5421B3B406700ED558E /* Main.storyboard in Resources */,
				EAC9F5471B3B406700ED558E /* LaunchScreen.xib in Resources */,
				EAC9F5441B3B406700ED558E /* Images.xcassets in Resources */,
			);
			runOnlyForDeploymentPostprocessing = 0;
		};
		EAC9F54A1B3B406800ED558E /* Resources */ = {
			isa = PBXResourcesBuildPhase;
			buildActionMask = 2147483647;
			files = (
			);
			runOnlyForDeploymentPostprocessing = 0;
		};
/* End PBXResourcesBuildPhase section */

/* Begin PBXShellScriptBuildPhase section */
		00F56D96FEF66A9A03493419 /* Copy Pods Resources */ = {
			isa = PBXShellScriptBuildPhase;
			buildActionMask = 2147483647;
			files = (
			);
			inputPaths = (
			);
			name = "Copy Pods Resources";
			outputPaths = (
			);
			runOnlyForDeploymentPostprocessing = 0;
			shellPath = /bin/sh;
			shellScript = "\"${SRCROOT}/Pods/Target Support Files/Pods/Pods-resources.sh\"\n";
			showEnvVarsInLog = 0;
		};
		3261376A0B0E859746CC6C5F /* Check Pods Manifest.lock */ = {
			isa = PBXShellScriptBuildPhase;
			buildActionMask = 2147483647;
			files = (
			);
			inputPaths = (
			);
			name = "Check Pods Manifest.lock";
			outputPaths = (
			);
			runOnlyForDeploymentPostprocessing = 0;
			shellPath = /bin/sh;
			shellScript = "diff \"${PODS_ROOT}/../Podfile.lock\" \"${PODS_ROOT}/Manifest.lock\" > /dev/null\nif [[ $? != 0 ]] ; then\n    cat << EOM\nerror: The sandbox is not in sync with the Podfile.lock. Run 'pod install' or update your CocoaPods installation.\nEOM\n    exit 1\nfi\n";
			showEnvVarsInLog = 0;
		};
/* End PBXShellScriptBuildPhase section */

/* Begin PBXSourcesBuildPhase section */
		EAC9F52C1B3B406700ED558E /* Sources */ = {
			isa = PBXSourcesBuildPhase;
			buildActionMask = 2147483647;
			files = (
				EAC9F5671B3B617700ED558E /* MFRRandomuserAPI.m in Sources */,
				EAC9F56D1B3CBD8F00ED558E /* MFRFriendDetailViewController.m in Sources */,
				EAC9F5391B3B406700ED558E /* AppDelegate.m in Sources */,
				EAC9F5631B3B5F0A00ED558E /* Friend.m in Sources */,
				EAC9F56A1B3C990500ED558E /* MFRPersonsTableViewController.m in Sources */,
				EAC9F5361B3B406700ED558E /* main.m in Sources */,
				EAC9F55F1B3B434A00ED558E /* MFRFriendsListTableViewController.m in Sources */,
				EAC9F53C1B3B406700ED558E /* MyFriends.xcdatamodeld in Sources */,
			);
			runOnlyForDeploymentPostprocessing = 0;
		};
		EAC9F5481B3B406800ED558E /* Sources */ = {
			isa = PBXSourcesBuildPhase;
			buildActionMask = 2147483647;
			files = (
				EAC9F5531B3B406800ED558E /* MyFriendsTests.m in Sources */,
			);
			runOnlyForDeploymentPostprocessing = 0;
		};
/* End PBXSourcesBuildPhase section */

/* Begin PBXTargetDependency section */
		EAC9F54E1B3B406800ED558E /* PBXTargetDependency */ = {
			isa = PBXTargetDependency;
			target = EAC9F52F1B3B406700ED558E /* MyFriends */;
			targetProxy = EAC9F54D1B3B406800ED558E /* PBXContainerItemProxy */;
		};
/* End PBXTargetDependency section */

/* Begin PBXVariantGroup section */
		EAC9F5401B3B406700ED558E /* Main.storyboard */ = {
			isa = PBXVariantGroup;
			children = (
				EAC9F5411B3B406700ED558E /* Base */,
			);
			name = Main.storyboard;
			sourceTree = "<group>";
		};
		EAC9F5451B3B406700ED558E /* LaunchScreen.xib */ = {
			isa = PBXVariantGroup;
			children = (
				EAC9F5461B3B406700ED558E /* Base */,
			);
			name = LaunchScreen.xib;
			sourceTree = "<group>";
		};
/* End PBXVariantGroup section */

/* Begin XCBuildConfiguration section */
		EAC9F5541B3B406800ED558E /* Debug */ = {
			isa = XCBuildConfiguration;
			buildSettings = {
				ALWAYS_SEARCH_USER_PATHS = NO;
				CLANG_CXX_LANGUAGE_STANDARD = "gnu++0x";
				CLANG_CXX_LIBRARY = "libc++";
				CLANG_ENABLE_MODULES = YES;
				CLANG_ENABLE_OBJC_ARC = YES;
				CLANG_WARN_BOOL_CONVERSION = YES;
				CLANG_WARN_CONSTANT_CONVERSION = YES;
				CLANG_WARN_DIRECT_OBJC_ISA_USAGE = YES_ERROR;
				CLANG_WARN_EMPTY_BODY = YES;
				CLANG_WARN_ENUM_CONVERSION = YES;
				CLANG_WARN_INT_CONVERSION = YES;
				CLANG_WARN_OBJC_ROOT_CLASS = YES_ERROR;
				CLANG_WARN_UNREACHABLE_CODE = YES;
				CLANG_WARN__DUPLICATE_METHOD_MATCH = YES;
				"CODE_SIGN_IDENTITY[sdk=iphoneos*]" = "iPhone Developer";
				COPY_PHASE_STRIP = NO;
				DEBUG_INFORMATION_FORMAT = "dwarf-with-dsym";
				ENABLE_STRICT_OBJC_MSGSEND = YES;
				GCC_C_LANGUAGE_STANDARD = gnu99;
				GCC_DYNAMIC_NO_PIC = NO;
				GCC_NO_COMMON_BLOCKS = YES;
				GCC_OPTIMIZATION_LEVEL = 0;
				GCC_PREPROCESSOR_DEFINITIONS = (
					"DEBUG=1",
					"$(inherited)",
				);
				GCC_SYMBOLS_PRIVATE_EXTERN = NO;
				GCC_WARN_64_TO_32_BIT_CONVERSION = YES;
				GCC_WARN_ABOUT_RETURN_TYPE = YES_ERROR;
				GCC_WARN_UNDECLARED_SELECTOR = YES;
				GCC_WARN_UNINITIALIZED_AUTOS = YES_AGGRESSIVE;
				GCC_WARN_UNUSED_FUNCTION = YES;
				GCC_WARN_UNUSED_VARIABLE = YES;
				IPHONEOS_DEPLOYMENT_TARGET = 8.3;
				MTL_ENABLE_DEBUG_INFO = YES;
				ONLY_ACTIVE_ARCH = YES;
				SDKROOT = iphoneos;
				TARGETED_DEVICE_FAMILY = "1,2";
			};
			name = Debug;
		};
		EAC9F5551B3B406800ED558E /* Release */ = {
			isa = XCBuildConfiguration;
			buildSettings = {
				ALWAYS_SEARCH_USER_PATHS = NO;
				CLANG_CXX_LANGUAGE_STANDARD = "gnu++0x";
				CLANG_CXX_LIBRARY = "libc++";
				CLANG_ENABLE_MODULES = YES;
				CLANG_ENABLE_OBJC_ARC = YES;
				CLANG_WARN_BOOL_CONVERSION = YES;
				CLANG_WARN_CONSTANT_CONVERSION = YES;
				CLANG_WARN_DIRECT_OBJC_ISA_USAGE = YES_ERROR;
				CLANG_WARN_EMPTY_BODY = YES;
				CLANG_WARN_ENUM_CONVERSION = YES;
				CLANG_WARN_INT_CONVERSION = YES;
				CLANG_WARN_OBJC_ROOT_CLASS = YES_ERROR;
				CLANG_WARN_UNREACHABLE_CODE = YES;
				CLANG_WARN__DUPLICATE_METHOD_MATCH = YES;
				"CODE_SIGN_IDENTITY[sdk=iphoneos*]" = "iPhone Developer";
				COPY_PHASE_STRIP = NO;
				DEBUG_INFORMATION_FORMAT = "dwarf-with-dsym";
				ENABLE_NS_ASSERTIONS = NO;
				ENABLE_STRICT_OBJC_MSGSEND = YES;
				GCC_C_LANGUAGE_STANDARD = gnu99;
				GCC_NO_COMMON_BLOCKS = YES;
				GCC_WARN_64_TO_32_BIT_CONVERSION = YES;
				GCC_WARN_ABOUT_RETURN_TYPE = YES_ERROR;
				GCC_WARN_UNDECLARED_SELECTOR = YES;
				GCC_WARN_UNINITIALIZED_AUTOS = YES_AGGRESSIVE;
				GCC_WARN_UNUSED_FUNCTION = YES;
				GCC_WARN_UNUSED_VARIABLE = YES;
				IPHONEOS_DEPLOYMENT_TARGET = 8.3;
				MTL_ENABLE_DEBUG_INFO = NO;
				SDKROOT = iphoneos;
				TARGETED_DEVICE_FAMILY = "1,2";
				VALIDATE_PRODUCT = YES;
			};
			name = Release;
		};
		EAC9F5571B3B406800ED558E /* Debug */ = {
			isa = XCBuildConfiguration;
			baseConfigurationReference = 96504FAED658F9EA8F10E749 /* Pods.debug.xcconfig */;
			buildSettings = {
				ASSETCATALOG_COMPILER_APPICON_NAME = AppIcon;
				INFOPLIST_FILE = MyFriends/Info.plist;
				LD_RUNPATH_SEARCH_PATHS = "$(inherited) @executable_path/Frameworks";
				PRODUCT_NAME = "$(TARGET_NAME)";
			};
			name = Debug;
		};
		EAC9F5581B3B406800ED558E /* Release */ = {
			isa = XCBuildConfiguration;
			baseConfigurationReference = B0291FB7BB4164BB9F254BBB /* Pods.release.xcconfig */;
			buildSettings = {
				ASSETCATALOG_COMPILER_APPICON_NAME = AppIcon;
				INFOPLIST_FILE = MyFriends/Info.plist;
				LD_RUNPATH_SEARCH_PATHS = "$(inherited) @executable_path/Frameworks";
				PRODUCT_NAME = "$(TARGET_NAME)";
			};
			name = Release;
		};
		EAC9F55A1B3B406800ED558E /* Debug */ = {
			isa = XCBuildConfiguration;
			buildSettings = {
				BUNDLE_LOADER = "$(TEST_HOST)";
				FRAMEWORK_SEARCH_PATHS = (
					"$(SDKROOT)/Developer/Library/Frameworks",
					"$(inherited)",
				);
				GCC_PREPROCESSOR_DEFINITIONS = (
					"DEBUG=1",
					"$(inherited)",
				);
				INFOPLIST_FILE = MyFriendsTests/Info.plist;
				LD_RUNPATH_SEARCH_PATHS = "$(inherited) @executable_path/Frameworks @loader_path/Frameworks";
				PRODUCT_NAME = "$(TARGET_NAME)";
				TEST_HOST = "$(BUILT_PRODUCTS_DIR)/MyFriends.app/MyFriends";
			};
			name = Debug;
		};
		EAC9F55B1B3B406800ED558E /* Release */ = {
			isa = XCBuildConfiguration;
			buildSettings = {
				BUNDLE_LOADER = "$(TEST_HOST)";
				FRAMEWORK_SEARCH_PATHS = (
					"$(SDKROOT)/Developer/Library/Frameworks",
					"$(inherited)",
				);
				INFOPLIST_FILE = MyFriendsTests/Info.plist;
				LD_RUNPATH_SEARCH_PATHS = "$(inherited) @executable_path/Frameworks @loader_path/Frameworks";
				PRODUCT_NAME = "$(TARGET_NAME)";
				TEST_HOST = "$(BUILT_PRODUCTS_DIR)/MyFriends.app/MyFriends";
			};
			name = Release;
		};
/* End XCBuildConfiguration section */

/* Begin XCConfigurationList section */
		EAC9F52B1B3B406700ED558E /* Build configuration list for PBXProject "MyFriends" */ = {
			isa = XCConfigurationList;
			buildConfigurations = (
				EAC9F5541B3B406800ED558E /* Debug */,
				EAC9F5551B3B406800ED558E /* Release */,
			);
			defaultConfigurationIsVisible = 0;
			defaultConfigurationName = Release;
		};
		EAC9F5561B3B406800ED558E /* Build configuration list for PBXNativeTarget "MyFriends" */ = {
			isa = XCConfigurationList;
			buildConfigurations = (
				EAC9F5571B3B406800ED558E /* Debug */,
				EAC9F5581B3B406800ED558E /* Release */,
			);
			defaultConfigurationIsVisible = 0;
			defaultConfigurationName = Release;
		};
		EAC9F5591B3B406800ED558E /* Build configuration list for PBXNativeTarget "MyFriendsTests" */ = {
			isa = XCConfigurationList;
			buildConfigurations = (
				EAC9F55A1B3B406800ED558E /* Debug */,
				EAC9F55B1B3B406800ED558E /* Release */,
			);
			defaultConfigurationIsVisible = 0;
			defaultConfigurationName = Release;
		};
/* End XCConfigurationList section */

/* Begin XCVersionGroup section */
		EAC9F53A1B3B406700ED558E /* MyFriends.xcdatamodeld */ = {
			isa = XCVersionGroup;
			children = (
				EAC9F53B1B3B406700ED558E /* MyFriends.xcdatamodel */,
			);
			currentVersion = EAC9F53B1B3B406700ED558E /* MyFriends.xcdatamodel */;
			path = MyFriends.xcdatamodeld;
			sourceTree = "<group>";
			versionGroupType = wrapper.xcdatamodel;
		};
/* End XCVersionGroup section */
	};
	rootObject = EAC9F5281B3B406700ED558E /* Project object */;
}
